
Microsoft Visual Studio Solution File, Format Version 12.00
# Visual Studio Version 16
VisualStudioVersion = 16.0.31005.135
MinimumVisualStudioVersion = 10.0.40219.1
Project("{FAE04EC0-301F-11D3-BF4B-00C04F79EFBC}") = "PokerBot", "PokerBot\PokerBot.csproj", "{4868A392-B8B8-4730-A568-6979D64BCE03}"
EndProject
Project("{FAE04EC0-301F-11D3-BF4B-00C04F79EFBC}") = "PokerBotTests", "PokerBotTests\PokerBotTests.csproj", "{D4B9BAC2-970C-4E67-9E74-7A8A581A8F16}"
EndProject
Global
	GlobalSection(SolutionConfigurationPlatforms) = preSolution
		Debug|Any CPU = Debug|Any CPU
		Release|Any CPU = Release|Any CPU
	EndGlobalSection
	GlobalSection(ProjectConfigurationPlatforms) = postSolution
		{4868A392-B8B8-4730-A568-6979D64BCE03}.Debug|Any CPU.ActiveCfg = Debug|Any CPU
		{4868A392-B8B8-4730-A568-6979D64BCE03}.Debug|Any CPU.Build.0 = Debug|Any CPU
		{4868A392-B8B8-4730-A568-6979D64BCE03}.Release|Any CPU.ActiveCfg = Release|Any CPU
		{4868A392-B8B8-4730-A568-6979D64BCE03}.Release|Any CPU.Build.0 = Release|Any CPU
		{D4B9BAC2-970C-4E67-9E74-7A8A581A8F16}.Debug|Any CPU.ActiveCfg = Debug|Any CPU
		{D4B9BAC2-970C-4E67-9E74-7A8A581A8F16}.Debug|Any CPU.Build.0 = Debug|Any CPU
		{D4B9BAC2-970C-4E67-9E74-7A8A581A8F16}.Release|Any CPU.ActiveCfg = Release|Any CPU
		{D4B9BAC2-970C-4E67-9E74-7A8A581A8F16}.Release|Any CPU.Build.0 = Release|Any CPU
	EndGlobalSection
	GlobalSection(SolutionProperties) = preSolution
		HideSolutionNode = FALSE
	EndGlobalSection
	GlobalSection(ExtensibilityGlobals) = postSolution
		SolutionGuid = {1E11D84F-0CED-4C7A-BEC3-3FA257964484}
	EndGlobalSection
EndGlobal
